#MicroXplorer Configuration settings - do not modify
Mcu.Family=STM32L0
VP_RTC_VS_RTC_Activate.Signal=RTC_VS_RTC_Activate
RCC.MSI_VALUE=2097000
ProjectManager.MainLocation=Core/Src
PC15-OSC32_OUT.Mode=LSE-External-Oscillator
PH0-OSC_IN.Locked=true
RCC.USART1Freq_Value=2097000
ProjectManager.ProjectFileName=DS1307_RTC_stm32L0.ioc
PH0-OSC_IN.Signal=RCC_OSC_IN
USART2.IPParameters=VirtualMode-Asynchronous
ProjectManager.KeepUserCode=true
Mcu.UserName=STM32L010RBTx
PA10.Mode=I2C
Mcu.PinsNb=15
ProjectManager.NoMain=false
PC13.Locked=true
RCC.LPUARTFreq_Value=24000000
RCC.PLLCLKFreq_Value=24000000
PC13.Signal=GPXTI13
PA14.GPIO_Label=TCK
ProjectManager.functionlistsort=1-MX_GPIO_Init-GPIO-false-HAL-true,2-SystemClock_Config-RCC-false-HAL-false,3-MX_I2C1_Init-I2C1-false-HAL-true,4-MX_RTC_Init-RTC-false-HAL-true
VP_RTC_VS_RTC_Activate.Mode=RTC_Enabled
RCC.RTCFreq_Value=37000
PH0-OSC_IN.GPIOParameters=GPIO_Label
PA3.GPIOParameters=GPIO_Label
ProjectManager.DefaultFWLocation=true
RCC.USART2Freq_Value=24000000
NVIC.SVC_IRQn=true\:0\:0\:false\:false\:true\:false\:false
ProjectManager.DeletePrevious=true
PC13.GPIO_Label=B1 [Blue PushButton]
PC14-OSC32_IN.Signal=RCC_OSC32_IN
RCC.TimerFreq_Value=24000000
boardIOC=true
RCC.48CLKFreq_Value=24000000
PA2.GPIOParameters=GPIO_Label
PinOutPanel.RotationAngle=0
RCC.FamilyName=M
RCC.SYSCLKSource=RCC_SYSCLKSOURCE_PLLCLK
ProjectManager.StackSize=0x400
SH.GPXTI13.0=GPIO_EXTI13
RCC.WatchDogFreq_Value=37000
RCC.I2C3Freq_Value=2097000
PA3.Mode=Asynchronous
PA13.Signal=SYS_SWDIO
Mcu.IP4=SYS
RCC.HSI16_VALUE=16000000
RCC.FCLKCortexFreq_Value=24000000
Mcu.IP5=USART2
I2C1.IPParameters=Timing
Mcu.IP2=RCC
Mcu.IP3=RTC
Mcu.IP0=I2C1
PA9.Mode=I2C
Mcu.IP1=NVIC
PC15-OSC32_OUT.Locked=true
Mcu.UserConstants=
ProjectManager.TargetToolchain=STM32CubeIDE
SH.GPXTI13.ConfNb=1
Mcu.ThirdPartyNb=0
RCC.HCLKFreq_Value=24000000
Mcu.IPNb=6
ProjectManager.PreviousToolchain=
RCC.APB2TimFreq_Value=24000000
PA9.Signal=I2C1_SCL
I2C1.Timing=0x00506682
Mcu.Pin6=PA3
Mcu.Pin7=PA5
ProjectManager.RegisterCallBack=
Mcu.Pin8=PB14
Mcu.Pin9=PA9
PC15-OSC32_OUT.Signal=RCC_OSC32_OUT
RCC.AHBFreq_Value=24000000
PH0-OSC_IN.Mode=HSE-External-Oscillator
PH0-OSC_IN.GPIO_Label=MCO
Mcu.Pin0=PC13
Mcu.Pin1=PC14-OSC32_IN
Mcu.Pin2=PC15-OSC32_OUT
Mcu.Pin3=PH0-OSC_IN
Mcu.Pin4=PH1-OSC_OUT
Mcu.Pin5=PA2
PB14.Signal=RTC_OUT_CALIB
PA5.Signal=GPIO_Output
ProjectManager.ProjectBuild=false
RCC.HSE_VALUE=8000000
RCC.MCOPinFreq_Value=24000000
board=NUCLEO-L010RB
USART2.VirtualMode-Asynchronous=VM_ASYNC
RCC.VCOOutputFreq_Value=48000000
NVIC.SysTick_IRQn=true\:0\:0\:true\:false\:true\:true\:true
ProjectManager.LastFirmware=true
ProjectManager.FirmwarePackage=STM32Cube FW_L0 V1.12.1
MxDb.Version=DB.6.0.20
RCC.APB2Freq_Value=24000000
ProjectManager.BackupPrevious=false
MxCube.Version=6.2.0
PC14-OSC32_IN.Mode=LSE-External-Oscillator
RCC.I2C1Freq_Value=24000000
PC13.GPIOParameters=GPIO_Label,GPIO_ModeDefaultEXTI
PB14.Mode=Calibration_1Hz
RCC.LCDFreq_Value=37000
File.Version=6
VP_SYS_VS_Systick.Mode=SysTick
PH1-OSC_OUT.Signal=RCC_OSC_OUT
NVIC.NonMaskableInt_IRQn=true\:0\:0\:false\:false\:true\:false\:false
NVIC.PendSV_IRQn=true\:0\:0\:false\:false\:true\:false\:false
ProjectManager.FreePins=false
RCC.IPParameters=48CLKFreq_Value,AHBFreq_Value,APB1Freq_Value,APB1TimFreq_Value,APB2Freq_Value,APB2TimFreq_Value,FCLKCortexFreq_Value,FamilyName,HCLKFreq_Value,HSE_VALUE,HSI16_VALUE,HSI48_VALUE,HSI_VALUE,I2C1Freq_Value,I2C3Freq_Value,LCDFreq_Value,LPTIMFreq_Value,LPUARTFreq_Value,LSI_VALUE,MCOPinFreq_Value,MSI_VALUE,PLLCLKFreq_Value,PWRFreq_Value,RTCFreq_Value,RTCHSEDivFreq_Value,SYSCLKFreq_VALUE,SYSCLKSource,TIMFreq_Value,TimerFreq_Value,USART1Freq_Value,USART2Freq_Value,VCOOutputFreq_Value,WatchDogFreq_Value
ProjectManager.AskForMigrate=true
Mcu.Name=STM32L010RBTx
ProjectManager.HalAssertFull=false
RCC.RTCHSEDivFreq_Value=4000000
PA2.Signal=USART2_TX
PA13.GPIO_Label=TMS
ProjectManager.ProjectName=DS1307_RTC_stm32L0
ProjectManager.UnderRoot=true
PA13.GPIOParameters=GPIO_Label
ProjectManager.CoupleFile=false
PH1-OSC_OUT.Mode=HSE-External-Oscillator
RCC.SYSCLKFreq_VALUE=24000000
Mcu.Package=LQFP64
PA3.Locked=true
PA5.Locked=true
PA5.GPIO_Label=LD2 [Green Led]
NVIC.ForceEnableDMAVector=true
KeepUserPlacement=false
PC13.GPIO_ModeDefaultEXTI=GPIO_MODE_IT_FALLING
PA14.GPIOParameters=GPIO_Label
PA13.Locked=true
PA14.Locked=true
ProjectManager.CompilerOptimize=6
ProjectManager.ToolChainLocation=
PA2.GPIO_Label=USART_TX
RCC.LSI_VALUE=37000
VP_SYS_VS_Systick.Signal=SYS_VS_Systick
PA10.Signal=I2C1_SDA
PA14.Signal=SYS_SWCLK
ProjectManager.HeapSize=0x200
NVIC.HardFault_IRQn=true\:0\:0\:false\:false\:true\:false\:false
PA5.GPIOParameters=GPIO_Label
Mcu.Pin13=VP_RTC_VS_RTC_Activate
Mcu.Pin14=VP_SYS_VS_Systick
ProjectManager.ComputerToolchain=false
RCC.HSI_VALUE=16000000
Mcu.Pin11=PA13
Mcu.Pin12=PA14
Mcu.Pin10=PA10
RCC.APB1TimFreq_Value=24000000
PA2.Mode=Asynchronous
RCC.PWRFreq_Value=24000000
RCC.APB1Freq_Value=24000000
ProjectManager.CustomerFirmwarePackage=
ProjectManager.DeviceId=STM32L010RBTx
PC14-OSC32_IN.Locked=true
ProjectManager.LibraryCopy=1
RCC.LPTIMFreq_Value=24000000
RCC.HSI48_VALUE=48000000
PA3.GPIO_Label=USART_RX
PA3.Signal=USART2_RX
RCC.TIMFreq_Value=24000000
PA2.Locked=true
isbadioc=false
